
Microsoft Visual Studio Solution File, Format Version 12.00
Project("{FAE04EC0-301F-11D3-BF4B-00C04F79EFBC}") = "WebApp", "WebApp\WebApp.csproj", "{B8CAF2AD-0DE7-4391-AEB3-E60F4B6F3FE7}"
EndProject
Project("{FAE04EC0-301F-11D3-BF4B-00C04F79EFBC}") = "Domain.App", "Domain.App\Domain.App.csproj", "{F746F833-F0E7-4CAB-AE5B-BA34D0678C31}"
EndProject
Project("{FAE04EC0-301F-11D3-BF4B-00C04F79EFBC}") = "DAL.App.EF", "DAL.App.EF\DAL.App.EF.csproj", "{BA8CB986-6F0F-4403-949B-A8ADF585751F}"
EndProject
Project("{FAE04EC0-301F-11D3-BF4B-00C04F79EFBC}") = "Contracts.DAL.Base", "Contracts.DAL.Base\Contracts.DAL.Base.csproj", "{05657AF3-1710-4546-BDC4-D8674FB8C789}"
EndProject
Project("{FAE04EC0-301F-11D3-BF4B-00C04F79EFBC}") = "Contracts.Domain.Base", "Contracts.Domain.Base\Contracts.Domain.Base.csproj", "{814B1106-E6DA-414B-877E-A8BE2659549F}"
EndProject
Project("{FAE04EC0-301F-11D3-BF4B-00C04F79EFBC}") = "DAL.Base.EF", "DAL.Base.EF\DAL.Base.EF.csproj", "{BB524934-AA39-4A9D-82A4-5CEF6A330F53}"
EndProject
Project("{FAE04EC0-301F-11D3-BF4B-00C04F79EFBC}") = "Domain.Base", "Domain.Base\Domain.Base.csproj", "{DBF7821F-306C-4C9E-B572-3B38211FFE35}"
EndProject
Project("{FAE04EC0-301F-11D3-BF4B-00C04F79EFBC}") = "Contracts.DAL.App", "Contracts.DAL.App\Contracts.DAL.App.csproj", "{B04D64C5-C9BC-4317-9407-1CA9970CF44A}"
EndProject
Project("{2150E333-8FDC-42A3-9474-1A3956D46DE8}") = "App", "App", "{6E7E4FCF-3517-4B13-BE32-9E2F67863555}"
EndProject
Project("{2150E333-8FDC-42A3-9474-1A3956D46DE8}") = "Base", "Base", "{A23F089D-5EA7-404A-9BF0-3580D1D97B10}"
EndProject
Project("{FAE04EC0-301F-11D3-BF4B-00C04F79EFBC}") = "DAL.Base", "DAL.Base\DAL.Base.csproj", "{5FC0DE16-2A32-408D-B537-480DD6680EB3}"
EndProject
Project("{FAE04EC0-301F-11D3-BF4B-00C04F79EFBC}") = "Extensions.Base", "Extensions.Base\Extensions.Base.csproj", "{7037581B-84D6-426A-A2B8-551F30288EEF}"
EndProject
Project("{FAE04EC0-301F-11D3-BF4B-00C04F79EFBC}") = "Contracts.BLL.Base", "Contracts.BLL.Base\Contracts.BLL.Base.csproj", "{0E145204-0738-4AB9-BA5E-5253D3E2DE0D}"
EndProject
Project("{FAE04EC0-301F-11D3-BF4B-00C04F79EFBC}") = "BLL.Base", "BLL.Base\BLL.Base.csproj", "{E9A3821E-F47A-42E2-AB4E-719383138FB3}"
EndProject
Project("{FAE04EC0-301F-11D3-BF4B-00C04F79EFBC}") = "Contracts.BLL.App", "Contracts.BLL.App\Contracts.BLL.App.csproj", "{9208438B-0F07-43A3-B68E-ACF2A39EBBE3}"
EndProject
Project("{FAE04EC0-301F-11D3-BF4B-00C04F79EFBC}") = "BLL.App", "BLL.App\BLL.App.csproj", "{9EF350E0-95EE-4053-B8BD-E5F98904C98F}"
EndProject
Project("{FAE04EC0-301F-11D3-BF4B-00C04F79EFBC}") = "DAL.App.DTO", "DAL.App.DTO\DAL.App.DTO.csproj", "{31F7EF9A-E779-4A1C-9FC8-D2E7741DF383}"
EndProject
Project("{FAE04EC0-301F-11D3-BF4B-00C04F79EFBC}") = "BLL.App.DTO", "BLL.App.DTO\BLL.App.DTO.csproj", "{B5CCB4A7-0977-467B-A85F-A550CC57190A}"
EndProject
Project("{FAE04EC0-301F-11D3-BF4B-00C04F79EFBC}") = "PublicApi.DTO.v1", "PublicApi.DTO.v1\PublicApi.DTO.v1.csproj", "{A99CD61D-C188-4925-9EE9-881EB92AFD9E}"
EndProject
Project("{2150E333-8FDC-42A3-9474-1A3956D46DE8}") = "SolutionItems", "SolutionItems", "{D408B4D2-F402-4458-AA11-4B826A3F21C3}"
ProjectSection(SolutionItems) = preProject
	Directory.Build.props = Directory.Build.props
	..\.gitignore = ..\.gitignore
	..\README.md = ..\README.md
	.dockerignore = .dockerignore
	Dockerfile = Dockerfile
EndProjectSection
EndProject
Project("{2150E333-8FDC-42A3-9474-1A3956D46DE8}") = "Tests", "Tests", "{9A8A4941-FA69-491F-950A-6C279CD6E7A0}"
EndProject
Project("{FAE04EC0-301F-11D3-BF4B-00C04F79EFBC}") = "TestProject", "TestProject\TestProject.csproj", "{3E7F4EAD-0B65-40C8-951C-5C2B05896A93}"
EndProject
Global
	GlobalSection(SolutionConfigurationPlatforms) = preSolution
		Debug|Any CPU = Debug|Any CPU
		Release|Any CPU = Release|Any CPU
	EndGlobalSection
	GlobalSection(ProjectConfigurationPlatforms) = postSolution
		{B8CAF2AD-0DE7-4391-AEB3-E60F4B6F3FE7}.Debug|Any CPU.ActiveCfg = Debug|Any CPU
		{B8CAF2AD-0DE7-4391-AEB3-E60F4B6F3FE7}.Debug|Any CPU.Build.0 = Debug|Any CPU
		{B8CAF2AD-0DE7-4391-AEB3-E60F4B6F3FE7}.Release|Any CPU.ActiveCfg = Release|Any CPU
		{B8CAF2AD-0DE7-4391-AEB3-E60F4B6F3FE7}.Release|Any CPU.Build.0 = Release|Any CPU
		{F746F833-F0E7-4CAB-AE5B-BA34D0678C31}.Debug|Any CPU.ActiveCfg = Debug|Any CPU
		{F746F833-F0E7-4CAB-AE5B-BA34D0678C31}.Debug|Any CPU.Build.0 = Debug|Any CPU
		{F746F833-F0E7-4CAB-AE5B-BA34D0678C31}.Release|Any CPU.ActiveCfg = Release|Any CPU
		{F746F833-F0E7-4CAB-AE5B-BA34D0678C31}.Release|Any CPU.Build.0 = Release|Any CPU
		{BA8CB986-6F0F-4403-949B-A8ADF585751F}.Debug|Any CPU.ActiveCfg = Debug|Any CPU
		{BA8CB986-6F0F-4403-949B-A8ADF585751F}.Debug|Any CPU.Build.0 = Debug|Any CPU
		{BA8CB986-6F0F-4403-949B-A8ADF585751F}.Release|Any CPU.ActiveCfg = Release|Any CPU
		{BA8CB986-6F0F-4403-949B-A8ADF585751F}.Release|Any CPU.Build.0 = Release|Any CPU
		{05657AF3-1710-4546-BDC4-D8674FB8C789}.Debug|Any CPU.ActiveCfg = Debug|Any CPU
		{05657AF3-1710-4546-BDC4-D8674FB8C789}.Debug|Any CPU.Build.0 = Debug|Any CPU
		{05657AF3-1710-4546-BDC4-D8674FB8C789}.Release|Any CPU.ActiveCfg = Release|Any CPU
		{05657AF3-1710-4546-BDC4-D8674FB8C789}.Release|Any CPU.Build.0 = Release|Any CPU
		{814B1106-E6DA-414B-877E-A8BE2659549F}.Debug|Any CPU.ActiveCfg = Debug|Any CPU
		{814B1106-E6DA-414B-877E-A8BE2659549F}.Debug|Any CPU.Build.0 = Debug|Any CPU
		{814B1106-E6DA-414B-877E-A8BE2659549F}.Release|Any CPU.ActiveCfg = Release|Any CPU
		{814B1106-E6DA-414B-877E-A8BE2659549F}.Release|Any CPU.Build.0 = Release|Any CPU
		{BB524934-AA39-4A9D-82A4-5CEF6A330F53}.Debug|Any CPU.ActiveCfg = Debug|Any CPU
		{BB524934-AA39-4A9D-82A4-5CEF6A330F53}.Debug|Any CPU.Build.0 = Debug|Any CPU
		{BB524934-AA39-4A9D-82A4-5CEF6A330F53}.Release|Any CPU.ActiveCfg = Release|Any CPU
		{BB524934-AA39-4A9D-82A4-5CEF6A330F53}.Release|Any CPU.Build.0 = Release|Any CPU
		{DBF7821F-306C-4C9E-B572-3B38211FFE35}.Debug|Any CPU.ActiveCfg = Debug|Any CPU
		{DBF7821F-306C-4C9E-B572-3B38211FFE35}.Debug|Any CPU.Build.0 = Debug|Any CPU
		{DBF7821F-306C-4C9E-B572-3B38211FFE35}.Release|Any CPU.ActiveCfg = Release|Any CPU
		{DBF7821F-306C-4C9E-B572-3B38211FFE35}.Release|Any CPU.Build.0 = Release|Any CPU
		{B04D64C5-C9BC-4317-9407-1CA9970CF44A}.Debug|Any CPU.ActiveCfg = Debug|Any CPU
		{B04D64C5-C9BC-4317-9407-1CA9970CF44A}.Debug|Any CPU.Build.0 = Debug|Any CPU
		{B04D64C5-C9BC-4317-9407-1CA9970CF44A}.Release|Any CPU.ActiveCfg = Release|Any CPU
		{B04D64C5-C9BC-4317-9407-1CA9970CF44A}.Release|Any CPU.Build.0 = Release|Any CPU
		{5FC0DE16-2A32-408D-B537-480DD6680EB3}.Debug|Any CPU.ActiveCfg = Debug|Any CPU
		{5FC0DE16-2A32-408D-B537-480DD6680EB3}.Debug|Any CPU.Build.0 = Debug|Any CPU
		{5FC0DE16-2A32-408D-B537-480DD6680EB3}.Release|Any CPU.ActiveCfg = Release|Any CPU
		{5FC0DE16-2A32-408D-B537-480DD6680EB3}.Release|Any CPU.Build.0 = Release|Any CPU
		{7037581B-84D6-426A-A2B8-551F30288EEF}.Debug|Any CPU.ActiveCfg = Debug|Any CPU
		{7037581B-84D6-426A-A2B8-551F30288EEF}.Debug|Any CPU.Build.0 = Debug|Any CPU
		{7037581B-84D6-426A-A2B8-551F30288EEF}.Release|Any CPU.ActiveCfg = Release|Any CPU
		{7037581B-84D6-426A-A2B8-551F30288EEF}.Release|Any CPU.Build.0 = Release|Any CPU
		{0E145204-0738-4AB9-BA5E-5253D3E2DE0D}.Debug|Any CPU.ActiveCfg = Debug|Any CPU
		{0E145204-0738-4AB9-BA5E-5253D3E2DE0D}.Debug|Any CPU.Build.0 = Debug|Any CPU
		{0E145204-0738-4AB9-BA5E-5253D3E2DE0D}.Release|Any CPU.ActiveCfg = Release|Any CPU
		{0E145204-0738-4AB9-BA5E-5253D3E2DE0D}.Release|Any CPU.Build.0 = Release|Any CPU
		{E9A3821E-F47A-42E2-AB4E-719383138FB3}.Debug|Any CPU.ActiveCfg = Debug|Any CPU
		{E9A3821E-F47A-42E2-AB4E-719383138FB3}.Debug|Any CPU.Build.0 = Debug|Any CPU
		{E9A3821E-F47A-42E2-AB4E-719383138FB3}.Release|Any CPU.ActiveCfg = Release|Any CPU
		{E9A3821E-F47A-42E2-AB4E-719383138FB3}.Release|Any CPU.Build.0 = Release|Any CPU
		{9208438B-0F07-43A3-B68E-ACF2A39EBBE3}.Debug|Any CPU.ActiveCfg = Debug|Any CPU
		{9208438B-0F07-43A3-B68E-ACF2A39EBBE3}.Debug|Any CPU.Build.0 = Debug|Any CPU
		{9208438B-0F07-43A3-B68E-ACF2A39EBBE3}.Release|Any CPU.ActiveCfg = Release|Any CPU
		{9208438B-0F07-43A3-B68E-ACF2A39EBBE3}.Release|Any CPU.Build.0 = Release|Any CPU
		{9EF350E0-95EE-4053-B8BD-E5F98904C98F}.Debug|Any CPU.ActiveCfg = Debug|Any CPU
		{9EF350E0-95EE-4053-B8BD-E5F98904C98F}.Debug|Any CPU.Build.0 = Debug|Any CPU
		{9EF350E0-95EE-4053-B8BD-E5F98904C98F}.Release|Any CPU.ActiveCfg = Release|Any CPU
		{9EF350E0-95EE-4053-B8BD-E5F98904C98F}.Release|Any CPU.Build.0 = Release|Any CPU
		{31F7EF9A-E779-4A1C-9FC8-D2E7741DF383}.Debug|Any CPU.ActiveCfg = Debug|Any CPU
		{31F7EF9A-E779-4A1C-9FC8-D2E7741DF383}.Debug|Any CPU.Build.0 = Debug|Any CPU
		{31F7EF9A-E779-4A1C-9FC8-D2E7741DF383}.Release|Any CPU.ActiveCfg = Release|Any CPU
		{31F7EF9A-E779-4A1C-9FC8-D2E7741DF383}.Release|Any CPU.Build.0 = Release|Any CPU
		{B5CCB4A7-0977-467B-A85F-A550CC57190A}.Debug|Any CPU.ActiveCfg = Debug|Any CPU
		{B5CCB4A7-0977-467B-A85F-A550CC57190A}.Debug|Any CPU.Build.0 = Debug|Any CPU
		{B5CCB4A7-0977-467B-A85F-A550CC57190A}.Release|Any CPU.ActiveCfg = Release|Any CPU
		{B5CCB4A7-0977-467B-A85F-A550CC57190A}.Release|Any CPU.Build.0 = Release|Any CPU
		{A99CD61D-C188-4925-9EE9-881EB92AFD9E}.Debug|Any CPU.ActiveCfg = Debug|Any CPU
		{A99CD61D-C188-4925-9EE9-881EB92AFD9E}.Debug|Any CPU.Build.0 = Debug|Any CPU
		{A99CD61D-C188-4925-9EE9-881EB92AFD9E}.Release|Any CPU.ActiveCfg = Release|Any CPU
		{A99CD61D-C188-4925-9EE9-881EB92AFD9E}.Release|Any CPU.Build.0 = Release|Any CPU
		{3E7F4EAD-0B65-40C8-951C-5C2B05896A93}.Debug|Any CPU.ActiveCfg = Debug|Any CPU
		{3E7F4EAD-0B65-40C8-951C-5C2B05896A93}.Debug|Any CPU.Build.0 = Debug|Any CPU
		{3E7F4EAD-0B65-40C8-951C-5C2B05896A93}.Release|Any CPU.ActiveCfg = Release|Any CPU
		{3E7F4EAD-0B65-40C8-951C-5C2B05896A93}.Release|Any CPU.Build.0 = Release|Any CPU
	EndGlobalSection
	GlobalSection(NestedProjects) = preSolution
		{B04D64C5-C9BC-4317-9407-1CA9970CF44A} = {6E7E4FCF-3517-4B13-BE32-9E2F67863555}
		{BA8CB986-6F0F-4403-949B-A8ADF585751F} = {6E7E4FCF-3517-4B13-BE32-9E2F67863555}
		{F746F833-F0E7-4CAB-AE5B-BA34D0678C31} = {6E7E4FCF-3517-4B13-BE32-9E2F67863555}
		{B8CAF2AD-0DE7-4391-AEB3-E60F4B6F3FE7} = {6E7E4FCF-3517-4B13-BE32-9E2F67863555}
		{05657AF3-1710-4546-BDC4-D8674FB8C789} = {A23F089D-5EA7-404A-9BF0-3580D1D97B10}
		{814B1106-E6DA-414B-877E-A8BE2659549F} = {A23F089D-5EA7-404A-9BF0-3580D1D97B10}
		{BB524934-AA39-4A9D-82A4-5CEF6A330F53} = {A23F089D-5EA7-404A-9BF0-3580D1D97B10}
		{DBF7821F-306C-4C9E-B572-3B38211FFE35} = {A23F089D-5EA7-404A-9BF0-3580D1D97B10}
		{5FC0DE16-2A32-408D-B537-480DD6680EB3} = {A23F089D-5EA7-404A-9BF0-3580D1D97B10}
		{7037581B-84D6-426A-A2B8-551F30288EEF} = {A23F089D-5EA7-404A-9BF0-3580D1D97B10}
		{0E145204-0738-4AB9-BA5E-5253D3E2DE0D} = {A23F089D-5EA7-404A-9BF0-3580D1D97B10}
		{E9A3821E-F47A-42E2-AB4E-719383138FB3} = {A23F089D-5EA7-404A-9BF0-3580D1D97B10}
		{9208438B-0F07-43A3-B68E-ACF2A39EBBE3} = {6E7E4FCF-3517-4B13-BE32-9E2F67863555}
		{9EF350E0-95EE-4053-B8BD-E5F98904C98F} = {6E7E4FCF-3517-4B13-BE32-9E2F67863555}
		{31F7EF9A-E779-4A1C-9FC8-D2E7741DF383} = {6E7E4FCF-3517-4B13-BE32-9E2F67863555}
		{B5CCB4A7-0977-467B-A85F-A550CC57190A} = {6E7E4FCF-3517-4B13-BE32-9E2F67863555}
		{A99CD61D-C188-4925-9EE9-881EB92AFD9E} = {6E7E4FCF-3517-4B13-BE32-9E2F67863555}
		{3E7F4EAD-0B65-40C8-951C-5C2B05896A93} = {9A8A4941-FA69-491F-950A-6C279CD6E7A0}
	EndGlobalSection
EndGlobal
